github.com/lovego/email v0.0.0-20181113135931-957ba59faf49 h1:vz7dt13N+klA53obPURXYBJF+7uC0kQXOJcwQUZ2HKg=
github.com/lovego/email v0.0.0-20181113135931-957ba59faf49/go.mod h1:q2TS9lGI+TrKIQBaPwC6skyk9WhYBb9RrNXNib+T9L4=
github.com/sensebox/sensebox-mailer-templates v0.1.1 h1:ZMRVoW5wLmLdzS7cHyCEkgjv5osXlOPxm3B1xZ5yqk4=
github.com/sensebox/sensebox-mailer-templates v0.1.1/go.mod h1:98W7KiO0QGySDJvQi/uiTbfuywK7hu1rW3IYXTdaBcw=
github.com/yuin/goldmark v1.3.3 h1:37BdQwPx8VOSic8eDSWee6QL9mRpZRm9VJp/QugNrW0=
github.com/yuin/goldmark v1.3.3/go.mod h1:mwnBkeHKe2W/ZEtQ+71ViKU8L12m81fl3OWwC1Zlc8k=
gopkg.in/check.v1 v0.0.0-20161208181325-20d25e280405 h1:yhCVgyC4o1eVCa2tZl7eS0r+SDo693bJlVdllGtEeKM=
gopkg.in/check.v1 v0.0.0-20161208181325-20d25e280405/go.mod h1:Co6ibVJAznAaIkqp8huTwlJQCZ016jof/cbN4VW5Yz0=
gopkg.in/yaml.v2 v2.4.0 h1:D8xgwECY7CYvx+Y2n4sBz93Jn9JRvxdiyyo8CTfuKaY=
gopkg.in/yaml.v2 v2.4.0/go.mod h1:RDklbk79AGWmwhnvt/jBztapEOGDOx6ZbXqjP6csGnQ=
