# This file is autogenerated, do not edit; changes may be undone by the next 'dep ensure'.


[[projects]]
  name = "github.com/honeybadger-io/honeybadger-go"
  packages = ["."]
  revision = "36d30005a9a829178efbdf9a78e29edd136a569b"
  version = "v0.1.0"

[[projects]]
  name = "github.com/lovego/email"
  packages = ["."]
  revision = "f4db5d7e012a9f37b4660d7d71018b137290eb8a"

[[projects]]
  name = "github.com/pborman/uuid"
  packages = ["."]
  revision = "e790cca94e6cc75c7064b1332e63811d4aae1a53"
  version = "v1.1"

[[projects]]
  name = "github.com/shirou/gopsutil"
  packages = ["internal/common","load","mem"]
  revision = "48fc5612898a1213aa5d6a0fb2d4f7b968e898fb"
  version = "v2.17.10"

[[projects]]
  branch = "master"
  name = "golang.org/x/sys"
  packages = ["unix","windows"]
  revision = "82aafbf43bf885069dc71b7e7c2f9d7a614d47da"

[solve-meta]
  analyzer-name = "dep"
  analyzer-version = 1
  inputs-digest = "eae98da530a2273438b592abcc8052f98a385a8998dd38632d6bf17c07578ed1"
  solver-name = "gps-cdcl"
  solver-version = 1
