# This file is autogenerated, do not edit; changes may be undone by the next 'dep ensure'.


[[projects]]
  name = "github.com/honeybadger-io/honeybadger-go"
  packages = ["."]
  revision = "36d30005a9a829178efbdf9a78e29edd136a569b"
  version = "v0.1.0"

[[projects]]
  name = "github.com/pborman/uuid"
  packages = ["."]
  revision = "e790cca94e6cc75c7064b1332e63811d4aae1a53"
  version = "v1.1"

[[projects]]
  name = "github.com/shirou/gopsutil"
  packages = ["internal/common","load","mem"]
  revision = "114c78c777eb86b58e40910cbd3fc451829c366d"
  version = "v2.17.07"

[[projects]]
  branch = "master"
  name = "golang.org/x/sys"
  packages = ["unix","windows"]
  revision = "7ddbeae9ae08c6a06a59597f0c9edbc5ff2444ce"

[[projects]]
  branch = "v3"
  name = "gopkg.in/alexcesaro/quotedprintable.v3"
  packages = ["."]
  revision = "2caba252f4dc53eaf6b553000885530023f54623"

[[projects]]
  name = "gopkg.in/gomail.v2"
  packages = ["."]
  revision = "81ebce5c23dfd25c6c67194b37d3dd3f338c98b1"

[solve-meta]
  analyzer-name = "dep"
  analyzer-version = 1
  inputs-digest = "a09144fb3eee3cec4d456452d460fe25ef71992aad7e1f7c13168cd73a883086"
  solver-name = "gps-cdcl"
  solver-version = 1
